// !$*UTF8*$!
{
	archiveVersion = 1;
	classes = {
	};
	objectVersion = 55;
	objects = {

/* Begin PBXBuildFile section */
		8FD154F828CE832A00201BDA /* SceneDelegate.m in Sources */ = {isa = PBXBuildFile; fileRef = 8FD154F728CE832A00201BDA /* SceneDelegate.m */; };
		8FD1550028CE832B00201BDA /* Assets.xcassets in Resources */ = {isa = PBXBuildFile; fileRef = 8FD154FF28CE832B00201BDA /* Assets.xcassets */; };
		8FD1551028CE832B00201BDA /* Flix___LaDarius_FlaggTests.m in Sources */ = {isa = PBXBuildFile; fileRef = 8FD1550F28CE832B00201BDA /* Flix___LaDarius_FlaggTests.m */; };
		8FD1551A28CE832B00201BDA /* Flix___LaDarius_FlaggUITests.m in Sources */ = {isa = PBXBuildFile; fileRef = 8FD1551928CE832B00201BDA /* Flix___LaDarius_FlaggUITests.m */; };
		8FD1551C28CE832B00201BDA /* Flix___LaDarius_FlaggUITestsLaunchTests.m in Sources */ = {isa = PBXBuildFile; fileRef = 8FD1551B28CE832B00201BDA /* Flix___LaDarius_FlaggUITestsLaunchTests.m */; };
		8FD1552A28CE94CF00201BDA /* MoviesViewController.swift in Sources */ = {isa = PBXBuildFile; fileRef = 8FD1552928CE94CF00201BDA /* MoviesViewController.swift */; };
		8FD1553028D161E200201BDA /* AlamofireImage in Frameworks */ = {isa = PBXBuildFile; productRef = 8FD1552F28D161E200201BDA /* AlamofireImage */; };
		8FD1553528D3D12300201BDA /* Base.lproj in Resources */ = {isa = PBXBuildFile; fileRef = 8FD1553428D3D12300201BDA /* Base.lproj */; };
		8FD1553828D3D15100201BDA /* Main.storyboard in Resources */ = {isa = PBXBuildFile; fileRef = 8FD1553628D3D15100201BDA /* Main.storyboard */; };
		8FD1553B28D3D1CE00201BDA /* LaunchScreen.storyboard in Resources */ = {isa = PBXBuildFile; fileRef = 8FD1553928D3D1CE00201BDA /* LaunchScreen.storyboard */; };
		8FD1553D28D3D37C00201BDA /* AppDelegate.swift in Sources */ = {isa = PBXBuildFile; fileRef = 8FD1553C28D3D37C00201BDA /* AppDelegate.swift */; };
		8FD1553F28D3D42700201BDA /* MoviesViewController.swift in Sources */ = {isa = PBXBuildFile; fileRef = 8FD1553E28D3D42700201BDA /* MoviesViewController.swift */; };
		8FD1554128D3D45200201BDA /* MovieGridViewController.swift in Sources */ = {isa = PBXBuildFile; fileRef = 8FD1554028D3D45200201BDA /* MovieGridViewController.swift */; };
		8FD1554328D3D59300201BDA /* MovieCell.swift in Sources */ = {isa = PBXBuildFile; fileRef = 8FD1554228D3D59300201BDA /* MovieCell.swift */; };
/* End PBXBuildFile section */

/* Begin PBXContainerItemProxy section */
		8FD1550C28CE832B00201BDA /* PBXContainerItemProxy */ = {
			isa = PBXContainerItemProxy;
			containerPortal = 8FD154E828CE832A00201BDA /* Project object */;
			proxyType = 1;
			remoteGlobalIDString = 8FD154EF28CE832A00201BDA;
			remoteInfo = "Flix - LaDarius Flagg";
		};
		8FD1551628CE832B00201BDA /* PBXContainerItemProxy */ = {
			isa = PBXContainerItemProxy;
			containerPortal = 8FD154E828CE832A00201BDA /* Project object */;
			proxyType = 1;
			remoteGlobalIDString = 8FD154EF28CE832A00201BDA;
			remoteInfo = "Flix - LaDarius Flagg";
		};
/* End PBXContainerItemProxy section */

/* Begin PBXFileReference section */
		8FD154F028CE832A00201BDA /* Flix - LaDarius Flagg.app */ = {isa = PBXFileReference; explicitFileType = wrapper.application; includeInIndex = 0; path = "Flix - LaDarius Flagg.app"; sourceTree = BUILT_PRODUCTS_DIR; };
		8FD154F628CE832A00201BDA /* SceneDelegate.h */ = {isa = PBXFileReference; lastKnownFileType = sourcecode.c.h; path = SceneDelegate.h; sourceTree = "<group>"; };
		8FD154F728CE832A00201BDA /* SceneDelegate.m */ = {isa = PBXFileReference; lastKnownFileType = sourcecode.c.objc; path = SceneDelegate.m; sourceTree = "<group>"; };
		8FD154FF28CE832B00201BDA /* Assets.xcassets */ = {isa = PBXFileReference; lastKnownFileType = folder.assetcatalog; path = Assets.xcassets; sourceTree = "<group>"; };
		8FD1550428CE832B00201BDA /* Info.plist */ = {isa = PBXFileReference; lastKnownFileType = text.plist.xml; path = Info.plist; sourceTree = "<group>"; };
		8FD1550B28CE832B00201BDA /* Flix - LaDarius FlaggTests.xctest */ = {isa = PBXFileReference; explicitFileType = wrapper.cfbundle; includeInIndex = 0; path = "Flix - LaDarius FlaggTests.xctest"; sourceTree = BUILT_PRODUCTS_DIR; };
		8FD1550F28CE832B00201BDA /* Flix___LaDarius_FlaggTests.m */ = {isa = PBXFileReference; lastKnownFileType = sourcecode.c.objc; path = "Flix___LaDarius_FlaggTests.m"; sourceTree = "<group>"; };
		8FD1551528CE832B00201BDA /* Flix - LaDarius FlaggUITests.xctest */ = {isa = PBXFileReference; explicitFileType = wrapper.cfbundle; includeInIndex = 0; path = "Flix - LaDarius FlaggUITests.xctest"; sourceTree = BUILT_PRODUCTS_DIR; };
		8FD1551928CE832B00201BDA /* Flix___LaDarius_FlaggUITests.m */ = {isa = PBXFileReference; lastKnownFileType = sourcecode.c.objc; path = "Flix___LaDarius_FlaggUITests.m"; sourceTree = "<group>"; };
		8FD1551B28CE832B00201BDA /* Flix___LaDarius_FlaggUITestsLaunchTests.m */ = {isa = PBXFileReference; lastKnownFileType = sourcecode.c.objc; path = "Flix___LaDarius_FlaggUITestsLaunchTests.m"; sourceTree = "<group>"; };
		8FD1552828CE94CF00201BDA /* Flix - LaDarius Flagg-Bridging-Header.h */ = {isa = PBXFileReference; lastKnownFileType = sourcecode.c.h; path = "Flix - LaDarius Flagg-Bridging-Header.h"; sourceTree = "<group>"; };
		8FD1552928CE94CF00201BDA /* MoviesViewController.swift */ = {isa = PBXFileReference; lastKnownFileType = sourcecode.swift; path = MoviesViewController.swift; sourceTree = "<group>"; };
		8FD1553428D3D12300201BDA /* Base.lproj */ = {isa = PBXFileReference; lastKnownFileType = folder; path = Base.lproj; sourceTree = "<group>"; };
		8FD1553728D3D15100201BDA /* Base */ = {isa = PBXFileReference; lastKnownFileType = file.storyboard; name = Base; path = ../../../flix/Base.lproj/Main.storyboard; sourceTree = "<group>"; };
		8FD1553A28D3D1CE00201BDA /* Base */ = {isa = PBXFileReference; lastKnownFileType = file.storyboard; name = Base; path = ../../../flix/Base.lproj/LaunchScreen.storyboard; sourceTree = "<group>"; };
		8FD1553C28D3D37C00201BDA /* AppDelegate.swift */ = {isa = PBXFileReference; fileEncoding = 4; lastKnownFileType = sourcecode.swift; name = AppDelegate.swift; path = ../../../flix/AppDelegate.swift; sourceTree = "<group>"; };
		8FD1553E28D3D42700201BDA /* MoviesViewController.swift */ = {isa = PBXFileReference; fileEncoding = 4; lastKnownFileType = sourcecode.swift; name = MoviesViewController.swift; path = ../../../flix/MoviesViewController.swift; sourceTree = "<group>"; };
		8FD1554028D3D45200201BDA /* MovieGridViewController.swift */ = {isa = PBXFileReference; fileEncoding = 4; lastKnownFileType = sourcecode.swift; name = MovieGridViewController.swift; path = ../../../flix/MovieGridViewController.swift; sourceTree = "<group>"; };
		8FD1554228D3D59300201BDA /* MovieCell.swift */ = {isa = PBXFileReference; fileEncoding = 4; lastKnownFileType = sourcecode.swift; path = MovieCell.swift; sourceTree = "<group>"; };
/* End PBXFileReference section */

/* Begin PBXFrameworksBuildPhase section */
		8FD154ED28CE832A00201BDA /* Frameworks */ = {
			isa = PBXFrameworksBuildPhase;
			buildActionMask = 2147483647;
			files = (
				8FD1553028D161E200201BDA /* AlamofireImage in Frameworks */,
			);
			runOnlyForDeploymentPostprocessing = 0;
		};
		8FD1550828CE832B00201BDA /* Frameworks */ = {
			isa = PBXFrameworksBuildPhase;
			buildActionMask = 2147483647;
			files = (
			);
			runOnlyForDeploymentPostprocessing = 0;
		};
		8FD1551228CE832B00201BDA /* Frameworks */ = {
			isa = PBXFrameworksBuildPhase;
			buildActionMask = 2147483647;
			files = (
			);
			runOnlyForDeploymentPostprocessing = 0;
		};
/* End PBXFrameworksBuildPhase section */

/* Begin PBXGroup section */
		8FD154E728CE832A00201BDA = {
			isa = PBXGroup;
			children = (
				8FD154F228CE832A00201BDA /* Flix - LaDarius Flagg */,
				8FD1550E28CE832B00201BDA /* Flix - LaDarius FlaggTests */,
				8FD1551828CE832B00201BDA /* Flix - LaDarius FlaggUITests */,
				8FD154F128CE832A00201BDA /* Products */,
			);
			sourceTree = "<group>";
		};
		8FD154F128CE832A00201BDA /* Products */ = {
			isa = PBXGroup;
			children = (
				8FD154F028CE832A00201BDA /* Flix - LaDarius Flagg.app */,
				8FD1550B28CE832B00201BDA /* Flix - LaDarius FlaggTests.xctest */,
				8FD1551528CE832B00201BDA /* Flix - LaDarius FlaggUITests.xctest */,
			);
			name = Products;
			sourceTree = "<group>";
		};
		8FD154F228CE832A00201BDA /* Flix - LaDarius Flagg */ = {
			isa = PBXGroup;
			children = (
				8FD1554228D3D59300201BDA /* MovieCell.swift */,
				8FD1553C28D3D37C00201BDA /* AppDelegate.swift */,
				8FD154F628CE832A00201BDA /* SceneDelegate.h */,
				8FD154F728CE832A00201BDA /* SceneDelegate.m */,
				8FD1553E28D3D42700201BDA /* MoviesViewController.swift */,
				8FD1554028D3D45200201BDA /* MovieGridViewController.swift */,
				8FD1553628D3D15100201BDA /* Main.storyboard */,
				8FD1553928D3D1CE00201BDA /* LaunchScreen.storyboard */,
				8FD1550428CE832B00201BDA /* Info.plist */,
				8FD1553428D3D12300201BDA /* Base.lproj */,
				8FD154FF28CE832B00201BDA /* Assets.xcassets */,
				8FD1552928CE94CF00201BDA /* MoviesViewController.swift */,
				8FD1552828CE94CF00201BDA /* Flix - LaDarius Flagg-Bridging-Header.h */,
			);
			path = "Flix - LaDarius Flagg";
			sourceTree = "<group>";
		};
		8FD1550E28CE832B00201BDA /* Flix - LaDarius FlaggTests */ = {
			isa = PBXGroup;
			children = (
				8FD1550F28CE832B00201BDA /* Flix___LaDarius_FlaggTests.m */,
			);
			path = "Flix - LaDarius FlaggTests";
			sourceTree = "<group>";
		};
		8FD1551828CE832B00201BDA /* Flix - LaDarius FlaggUITests */ = {
			isa = PBXGroup;
			children = (
				8FD1551928CE832B00201BDA /* Flix___LaDarius_FlaggUITests.m */,
				8FD1551B28CE832B00201BDA /* Flix___LaDarius_FlaggUITestsLaunchTests.m */,
			);
			path = "Flix - LaDarius FlaggUITests";
			sourceTree = "<group>";
		};
/* End PBXGroup section */

/* Begin PBXNativeTarget section */
		8FD154EF28CE832A00201BDA /* Flix - LaDarius Flagg */ = {
			isa = PBXNativeTarget;
			buildConfigurationList = 8FD1551F28CE832B00201BDA /* Build configuration list for PBXNativeTarget "Flix - LaDarius Flagg" */;
			buildPhases = (
				8FD154EC28CE832A00201BDA /* Sources */,
				8FD154ED28CE832A00201BDA /* Frameworks */,
				8FD154EE28CE832A00201BDA /* Resources */,
			);
			buildRules = (
			);
			dependencies = (
			);
			name = "Flix - LaDarius Flagg";
			packageProductDependencies = (
				8FD1552F28D161E200201BDA /* AlamofireImage */,
			);
			productName = "Flix - LaDarius Flagg";
			productReference = 8FD154F028CE832A00201BDA /* Flix - LaDarius Flagg.app */;
			productType = "com.apple.product-type.application";
		};
		8FD1550A28CE832B00201BDA /* Flix - LaDarius FlaggTests */ = {
			isa = PBXNativeTarget;
			buildConfigurationList = 8FD1552228CE832B00201BDA /* Build configuration list for PBXNativeTarget "Flix - LaDarius FlaggTests" */;
			buildPhases = (
				8FD1550728CE832B00201BDA /* Sources */,
				8FD1550828CE832B00201BDA /* Frameworks */,
				8FD1550928CE832B00201BDA /* Resources */,
			);
			buildRules = (
			);
			dependencies = (
				8FD1550D28CE832B00201BDA /* PBXTargetDependency */,
			);
			name = "Flix - LaDarius FlaggTests";
			productName = "Flix - LaDarius FlaggTests";
			productReference = 8FD1550B28CE832B00201BDA /* Flix - LaDarius FlaggTests.xctest */;
			productType = "com.apple.product-type.bundle.unit-test";
		};
		8FD1551428CE832B00201BDA /* Flix - LaDarius FlaggUITests */ = {
			isa = PBXNativeTarget;
			buildConfigurationList = 8FD1552528CE832B00201BDA /* Build configuration list for PBXNativeTarget "Flix - LaDarius FlaggUITests" */;
			buildPhases = (
				8FD1551128CE832B00201BDA /* Sources */,
				8FD1551228CE832B00201BDA /* Frameworks */,
				8FD1551328CE832B00201BDA /* Resources */,
			);
			buildRules = (
			);
			dependencies = (
				8FD1551728CE832B00201BDA /* PBXTargetDependency */,
			);
			name = "Flix - LaDarius FlaggUITests";
			productName = "Flix - LaDarius FlaggUITests";
			productReference = 8FD1551528CE832B00201BDA /* Flix - LaDarius FlaggUITests.xctest */;
			productType = "com.apple.product-type.bundle.ui-testing";
		};
/* End PBXNativeTarget section */

/* Begin PBXProject section */
		8FD154E828CE832A00201BDA /* Project object */ = {
			isa = PBXProject;
			attributes = {
				BuildIndependentTargetsInParallel = 1;
				LastUpgradeCheck = 1340;
				TargetAttributes = {
					8FD154EF28CE832A00201BDA = {
						CreatedOnToolsVersion = 13.4.1;
						LastSwiftMigration = 1340;
					};
					8FD1550A28CE832B00201BDA = {
						CreatedOnToolsVersion = 13.4.1;
						TestTargetID = 8FD154EF28CE832A00201BDA;
					};
					8FD1551428CE832B00201BDA = {
						CreatedOnToolsVersion = 13.4.1;
						TestTargetID = 8FD154EF28CE832A00201BDA;
					};
				};
			};
			buildConfigurationList = 8FD154EB28CE832A00201BDA /* Build configuration list for PBXProject "Flix - LaDarius Flagg" */;
			compatibilityVersion = "Xcode 13.0";
			developmentRegion = en;
			hasScannedForEncodings = 0;
			knownRegions = (
				en,
				Base,
			);
			mainGroup = 8FD154E728CE832A00201BDA;
			packageReferences = (
				8FD1552E28D161E200201BDA /* XCRemoteSwiftPackageReference "AlamofireImage" */,
			);
			productRefGroup = 8FD154F128CE832A00201BDA /* Products */;
			projectDirPath = "";
			projectRoot = "";
			targets = (
				8FD154EF28CE832A00201BDA /* Flix - LaDarius Flagg */,
				8FD1550A28CE832B00201BDA /* Flix - LaDarius FlaggTests */,
				8FD1551428CE832B00201BDA /* Flix - LaDarius FlaggUITests */,
			);
		};
/* End PBXProject section */

/* Begin PBXResourcesBuildPhase section */
		8FD154EE28CE832A00201BDA /* Resources */ = {
			isa = PBXResourcesBuildPhase;
			buildActionMask = 2147483647;
			files = (
				8FD1553528D3D12300201BDA /* Base.lproj in Resources */,
				8FD1553828D3D15100201BDA /* Main.storyboard in Resources */,
				8FD1553B28D3D1CE00201BDA /* LaunchScreen.storyboard in Resources */,
				8FD1550028CE832B00201BDA /* Assets.xcassets in Resources */,
			);
			runOnlyForDeploymentPostprocessing = 0;
		};
		8FD1550928CE832B00201BDA /* Resources */ = {
			isa = PBXResourcesBuildPhase;
			buildActionMask = 2147483647;
			files = (
			);
			runOnlyForDeploymentPostprocessing = 0;
		};
		8FD1551328CE832B00201BDA /* Resources */ = {
			isa = PBXResourcesBuildPhase;
			buildActionMask = 2147483647;
			files = (
			);
			runOnlyForDeploymentPostprocessing = 0;
		};
/* End PBXResourcesBuildPhase section */

/* Begin PBXSourcesBuildPhase section */
		8FD154EC28CE832A00201BDA /* Sources */ = {
			isa = PBXSourcesBuildPhase;
			buildActionMask = 2147483647;
			files = (
				8FD1552A28CE94CF00201BDA /* MoviesViewController.swift in Sources */,
				8FD1554328D3D59300201BDA /* MovieCell.swift in Sources */,
				8FD1553D28D3D37C00201BDA /* AppDelegate.swift in Sources */,
				8FD1554128D3D45200201BDA /* MovieGridViewController.swift in Sources */,
				8FD1553F28D3D42700201BDA /* MoviesViewController.swift in Sources */,
				8FD154F828CE832A00201BDA /* SceneDelegate.m in Sources */,
			);
			runOnlyForDeploymentPostprocessing = 0;
		};
		8FD1550728CE832B00201BDA /* Sources */ = {
			isa = PBXSourcesBuildPhase;
			buildActionMask = 2147483647;
			files = (
				8FD1551028CE832B00201BDA /* Flix___LaDarius_FlaggTests.m in Sources */,
			);
			runOnlyForDeploymentPostprocessing = 0;
		};
		8FD1551128CE832B00201BDA /* Sources */ = {
			isa = PBXSourcesBuildPhase;
			buildActionMask = 2147483647;
			files = (
				8FD1551C28CE832B00201BDA /* Flix___LaDarius_FlaggUITestsLaunchTests.m in Sources */,
				8FD1551A28CE832B00201BDA /* Flix___LaDarius_FlaggUITests.m in Sources */,
			);
			runOnlyForDeploymentPostprocessing = 0;
		};
/* End PBXSourcesBuildPhase section */

/* Begin PBXTargetDependency section */
		8FD1550D28CE832B00201BDA /* PBXTargetDependency */ = {
			isa = PBXTargetDependency;
			target = 8FD154EF28CE832A00201BDA /* Flix - LaDarius Flagg */;
			targetProxy = 8FD1550C28CE832B00201BDA /* PBXContainerItemProxy */;
		};
		8FD1551728CE832B00201BDA /* PBXTargetDependency */ = {
			isa = PBXTargetDependency;
			target = 8FD154EF28CE832A00201BDA /* Flix - LaDarius Flagg */;
			targetProxy = 8FD1551628CE832B00201BDA /* PBXContainerItemProxy */;
		};
/* End PBXTargetDependency section */

/* Begin PBXVariantGroup section */
		8FD1553628D3D15100201BDA /* Main.storyboard */ = {
			isa = PBXVariantGroup;
			children = (
				8FD1553728D3D15100201BDA /* Base */,
			);
			name = Main.storyboard;
			sourceTree = "<group>";
		};
		8FD1553928D3D1CE00201BDA /* LaunchScreen.storyboard */ = {
			isa = PBXVariantGroup;
			children = (
				8FD1553A28D3D1CE00201BDA /* Base */,
			);
			name = LaunchScreen.storyboard;
			sourceTree = "<group>";
		};
/* End PBXVariantGroup section */

/* Begin XCBuildConfiguration section */
		8FD1551D28CE832B00201BDA /* Debug */ = {
			isa = XCBuildConfiguration;
			buildSettings = {
				ALWAYS_SEARCH_USER_PATHS = NO;
				CLANG_ANALYZER_NONNULL = YES;
				CLANG_ANALYZER_NUMBER_OBJECT_CONVERSION = YES_AGGRESSIVE;
				CLANG_CXX_LANGUAGE_STANDARD = "gnu++17";
				CLANG_ENABLE_MODULES = YES;
				CLANG_ENABLE_OBJC_ARC = YES;
				CLANG_ENABLE_OBJC_WEAK = YES;
				CLANG_WARN_BLOCK_CAPTURE_AUTORELEASING = YES;
				CLANG_WARN_BOOL_CONVERSION = YES;
				CLANG_WARN_COMMA = YES;
				CLANG_WARN_CONSTANT_CONVERSION = YES;
				CLANG_WARN_DEPRECATED_OBJC_IMPLEMENTATIONS = YES;
				CLANG_WARN_DIRECT_OBJC_ISA_USAGE = YES_ERROR;
				CLANG_WARN_DOCUMENTATION_COMMENTS = YES;
				CLANG_WARN_EMPTY_BODY = YES;
				CLANG_WARN_ENUM_CONVERSION = YES;
				CLANG_WARN_INFINITE_RECURSION = YES;
				CLANG_WARN_INT_CONVERSION = YES;
				CLANG_WARN_NON_LITERAL_NULL_CONVERSION = YES;
				CLANG_WARN_OBJC_IMPLICIT_RETAIN_SELF = YES;
				CLANG_WARN_OBJC_LITERAL_CONVERSION = YES;
				CLANG_WARN_OBJC_ROOT_CLASS = YES_ERROR;
				CLANG_WARN_QUOTED_INCLUDE_IN_FRAMEWORK_HEADER = YES;
				CLANG_WARN_RANGE_LOOP_ANALYSIS = YES;
				CLANG_WARN_STRICT_PROTOTYPES = YES;
				CLANG_WARN_SUSPICIOUS_MOVE = YES;
				CLANG_WARN_UNGUARDED_AVAILABILITY = YES_AGGRESSIVE;
				CLANG_WARN_UNREACHABLE_CODE = YES;
				CLANG_WARN__DUPLICATE_METHOD_MATCH = YES;
				COPY_PHASE_STRIP = NO;
				DEBUG_INFORMATION_FORMAT = dwarf;
				ENABLE_STRICT_OBJC_MSGSEND = YES;
				ENABLE_TESTABILITY = YES;
				GCC_C_LANGUAGE_STANDARD = gnu11;
				GCC_DYNAMIC_NO_PIC = NO;
				GCC_NO_COMMON_BLOCKS = YES;
				GCC_OPTIMIZATION_LEVEL = 0;
				GCC_PREPROCESSOR_DEFINITIONS = (
					"DEBUG=1",
					"$(inherited)",
				);
				GCC_WARN_64_TO_32_BIT_CONVERSION = YES;
				GCC_WARN_ABOUT_RETURN_TYPE = YES_ERROR;
				GCC_WARN_UNDECLARED_SELECTOR = YES;
				GCC_WARN_UNINITIALIZED_AUTOS = YES_AGGRESSIVE;
				GCC_WARN_UNUSED_FUNCTION = YES;
				GCC_WARN_UNUSED_VARIABLE = YES;
				IPHONEOS_DEPLOYMENT_TARGET = 15.5;
				MTL_ENABLE_DEBUG_INFO = INCLUDE_SOURCE;
				MTL_FAST_MATH = YES;
				ONLY_ACTIVE_ARCH = YES;
				SDKROOT = iphoneos;
			};
			name = Debug;
		};
		8FD1551E28CE832B00201BDA /* Release */ = {
			isa = XCBuildConfiguration;
			buildSettings = {
				ALWAYS_SEARCH_USER_PATHS = NO;
				CLANG_ANALYZER_NONNULL = YES;
				CLANG_ANALYZER_NUMBER_OBJECT_CONVERSION = YES_AGGRESSIVE;
				CLANG_CXX_LANGUAGE_STANDARD = "gnu++17";
				CLANG_ENABLE_MODULES = YES;
				CLANG_ENABLE_OBJC_ARC = YES;
				CLANG_ENABLE_OBJC_WEAK = YES;
				CLANG_WARN_BLOCK_CAPTURE_AUTORELEASING = YES;
				CLANG_WARN_BOOL_CONVERSION = YES;
				CLANG_WARN_COMMA = YES;
				CLANG_WARN_CONSTANT_CONVERSION = YES;
				CLANG_WARN_DEPRECATED_OBJC_IMPLEMENTATIONS = YES;
				CLANG_WARN_DIRECT_OBJC_ISA_USAGE = YES_ERROR;
				CLANG_WARN_DOCUMENTATION_COMMENTS = YES;
				CLANG_WARN_EMPTY_BODY = YES;
				CLANG_WARN_ENUM_CONVERSION = YES;
				CLANG_WARN_INFINITE_RECURSION = YES;
				CLANG_WARN_INT_CONVERSION = YES;
				CLANG_WARN_NON_LITERAL_NULL_CONVERSION = YES;
				CLANG_WARN_OBJC_IMPLICIT_RETAIN_SELF = YES;
				CLANG_WARN_OBJC_LITERAL_CONVERSION = YES;
				CLANG_WARN_OBJC_ROOT_CLASS = YES_ERROR;
				CLANG_WARN_QUOTED_INCLUDE_IN_FRAMEWORK_HEADER = YES;
				CLANG_WARN_RANGE_LOOP_ANALYSIS = YES;
				CLANG_WARN_STRICT_PROTOTYPES = YES;
				CLANG_WARN_SUSPICIOUS_MOVE = YES;
				CLANG_WARN_UNGUARDED_AVAILABILITY = YES_AGGRESSIVE;
				CLANG_WARN_UNREACHABLE_CODE = YES;
				CLANG_WARN__DUPLICATE_METHOD_MATCH = YES;
				COPY_PHASE_STRIP = NO;
				DEBUG_INFORMATION_FORMAT = "dwarf-with-dsym";
				ENABLE_NS_ASSERTIONS = NO;
				ENABLE_STRICT_OBJC_MSGSEND = YES;
				GCC_C_LANGUAGE_STANDARD = gnu11;
				GCC_NO_COMMON_BLOCKS = YES;
				GCC_WARN_64_TO_32_BIT_CONVERSION = YES;
				GCC_WARN_ABOUT_RETURN_TYPE = YES_ERROR;
				GCC_WARN_UNDECLARED_SELECTOR = YES;
				GCC_WARN_UNINITIALIZED_AUTOS = YES_AGGRESSIVE;
				GCC_WARN_UNUSED_FUNCTION = YES;
				GCC_WARN_UNUSED_VARIABLE = YES;
				IPHONEOS_DEPLOYMENT_TARGET = 15.5;
				MTL_ENABLE_DEBUG_INFO = NO;
				MTL_FAST_MATH = YES;
				SDKROOT = iphoneos;
				VALIDATE_PRODUCT = YES;
			};
			name = Release;
		};
		8FD1552028CE832B00201BDA /* Debug */ = {
			isa = XCBuildConfiguration;
			buildSettings = {
				ASSETCATALOG_COMPILER_APPICON_NAME = AppIcon;
				ASSETCATALOG_COMPILER_GLOBAL_ACCENT_COLOR_NAME = AccentColor;
				CLANG_ENABLE_MODULES = YES;
				CODE_SIGN_STYLE = Automatic;
				CURRENT_PROJECT_VERSION = 1;
				DEVELOPMENT_TEAM = 2X5CBWCU4C;
				GENERATE_INFOPLIST_FILE = YES;
				INFOPLIST_FILE = "Flix - LaDarius Flagg/Info.plist";
				INFOPLIST_KEY_UIApplicationSupportsIndirectInputEvents = YES;
				INFOPLIST_KEY_UILaunchStoryboardName = LaunchScreen;
				INFOPLIST_KEY_UIMainStoryboardFile = Main;
				INFOPLIST_KEY_UISupportedInterfaceOrientations_iPad = "UIInterfaceOrientationPortrait UIInterfaceOrientationPortraitUpsideDown UIInterfaceOrientationLandscapeLeft UIInterfaceOrientationLandscapeRight";
				INFOPLIST_KEY_UISupportedInterfaceOrientations_iPhone = "UIInterfaceOrientationPortrait UIInterfaceOrientationLandscapeLeft UIInterfaceOrientationLandscapeRight";
				LD_RUNPATH_SEARCH_PATHS = (
					"$(inherited)",
					"@executable_path/Frameworks",
				);
				MARKETING_VERSION = 1.0;
				PRODUCT_BUNDLE_IDENTIFIER = "com.ladariusflagg.Flix---LaDarius-Flagg";
				PRODUCT_NAME = "$(TARGET_NAME)";
				SWIFT_EMIT_LOC_STRINGS = YES;
				SWIFT_OBJC_BRIDGING_HEADER = "Flix - LaDarius Flagg/Flix - LaDarius Flagg-Bridging-Header.h";
				SWIFT_OPTIMIZATION_LEVEL = "-Onone";
				SWIFT_VERSION = 5.0;
				TARGETED_DEVICE_FAMILY = "1,2";
			};
			name = Debug;
		};
		8FD1552128CE832B00201BDA /* Release */ = {
			isa = XCBuildConfiguration;
			buildSettings = {
				ASSETCATALOG_COMPILER_APPICON_NAME = AppIcon;
				ASSETCATALOG_COMPILER_GLOBAL_ACCENT_COLOR_NAME = AccentColor;
				CLANG_ENABLE_MODULES = YES;
				CODE_SIGN_STYLE = Automatic;
				CURRENT_PROJECT_VERSION = 1;
				DEVELOPMENT_TEAM = 2X5CBWCU4C;
				GENERATE_INFOPLIST_FILE = YES;
				INFOPLIST_FILE = "Flix - LaDarius Flagg/Info.plist";
				INFOPLIST_KEY_UIApplicationSupportsIndirectInputEvents = YES;
				INFOPLIST_KEY_UILaunchStoryboardName = LaunchScreen;
				INFOPLIST_KEY_UIMainStoryboardFile = Main;
				INFOPLIST_KEY_UISupportedInterfaceOrientations_iPad = "UIInterfaceOrientationPortrait UIInterfaceOrientationPortraitUpsideDown UIInterfaceOrientationLandscapeLeft UIInterfaceOrientationLandscapeRight";
				INFOPLIST_KEY_UISupportedInterfaceOrientations_iPhone = "UIInterfaceOrientationPortrait UIInterfaceOrientationLandscapeLeft UIInterfaceOrientationLandscapeRight";
				LD_RUNPATH_SEARCH_PATHS = (
					"$(inherited)",
					"@executable_path/Frameworks",
				);
				MARKETING_VERSION = 1.0;
				PRODUCT_BUNDLE_IDENTIFIER = "com.ladariusflagg.Flix---LaDarius-Flagg";
				PRODUCT_NAME = "$(TARGET_NAME)";
				SWIFT_EMIT_LOC_STRINGS = YES;
				SWIFT_OBJC_BRIDGING_HEADER = "Flix - LaDarius Flagg/Flix - LaDarius Flagg-Bridging-Header.h";
				SWIFT_VERSION = 5.0;
				TARGETED_DEVICE_FAMILY = "1,2";
			};
			name = Release;
		};
		8FD1552328CE832B00201BDA /* Debug */ = {
			isa = XCBuildConfiguration;
			buildSettings = {
				ALWAYS_EMBED_SWIFT_STANDARD_LIBRARIES = YES;
				BUNDLE_LOADER = "$(TEST_HOST)";
				CODE_SIGN_STYLE = Automatic;
				CURRENT_PROJECT_VERSION = 1;
				DEVELOPMENT_TEAM = 2X5CBWCU4C;
				GENERATE_INFOPLIST_FILE = YES;
				IPHONEOS_DEPLOYMENT_TARGET = 15.5;
				MARKETING_VERSION = 1.0;
				PRODUCT_BUNDLE_IDENTIFIER = "com.ladariusflagg.Flix---LaDarius-FlaggTests";
				PRODUCT_NAME = "$(TARGET_NAME)";
				SWIFT_EMIT_LOC_STRINGS = NO;
				TARGETED_DEVICE_FAMILY = "1,2";
				TEST_HOST = "$(BUILT_PRODUCTS_DIR)/Flix - LaDarius Flagg.app/Flix - LaDarius Flagg";
			};
			name = Debug;
		};
		8FD1552428CE832B00201BDA /* Release */ = {
			isa = XCBuildConfiguration;
			buildSettings = {
				ALWAYS_EMBED_SWIFT_STANDARD_LIBRARIES = YES;
				BUNDLE_LOADER = "$(TEST_HOST)";
				CODE_SIGN_STYLE = Automatic;
				CURRENT_PROJECT_VERSION = 1;
				DEVELOPMENT_TEAM = 2X5CBWCU4C;
				GENERATE_INFOPLIST_FILE = YES;
				IPHONEOS_DEPLOYMENT_TARGET = 15.5;
				MARKETING_VERSION = 1.0;
				PRODUCT_BUNDLE_IDENTIFIER = "com.ladariusflagg.Flix---LaDarius-FlaggTests";
				PRODUCT_NAME = "$(TARGET_NAME)";
				SWIFT_EMIT_LOC_STRINGS = NO;
				TARGETED_DEVICE_FAMILY = "1,2";
				TEST_HOST = "$(BUILT_PRODUCTS_DIR)/Flix - LaDarius Flagg.app/Flix - LaDarius Flagg";
			};
			name = Release;
		};
		8FD1552628CE832B00201BDA /* Debug */ = {
			isa = XCBuildConfiguration;
			buildSettings = {
				ALWAYS_EMBED_SWIFT_STANDARD_LIBRARIES = YES;
				CODE_SIGN_STYLE = Automatic;
				CURRENT_PROJECT_VERSION = 1;
				DEVELOPMENT_TEAM = 2X5CBWCU4C;
				GENERATE_INFOPLIST_FILE = YES;
				MARKETING_VERSION = 1.0;
				PRODUCT_BUNDLE_IDENTIFIER = "com.ladariusflagg.Flix---LaDarius-FlaggUITests";
				PRODUCT_NAME = "$(TARGET_NAME)";
				SWIFT_EMIT_LOC_STRINGS = NO;
				TARGETED_DEVICE_FAMILY = "1,2";
				TEST_TARGET_NAME = "Flix - LaDarius Flagg";
			};
			name = Debug;
		};
		8FD1552728CE832B00201BDA /* Release */ = {
			isa = XCBuildConfiguration;
			buildSettings = {
				ALWAYS_EMBED_SWIFT_STANDARD_LIBRARIES = YES;
				CODE_SIGN_STYLE = Automatic;
				CURRENT_PROJECT_VERSION = 1;
				DEVELOPMENT_TEAM = 2X5CBWCU4C;
				GENERATE_INFOPLIST_FILE = YES;
				MARKETING_VERSION = 1.0;
				PRODUCT_BUNDLE_IDENTIFIER = "com.ladariusflagg.Flix---LaDarius-FlaggUITests";
				PRODUCT_NAME = "$(TARGET_NAME)";
				SWIFT_EMIT_LOC_STRINGS = NO;
				TARGETED_DEVICE_FAMILY = "1,2";
				TEST_TARGET_NAME = "Flix - LaDarius Flagg";
			};
			name = Release;
		};
/* End XCBuildConfiguration section */

/* Begin XCConfigurationList section */
		8FD154EB28CE832A00201BDA /* Build configuration list for PBXProject "Flix - LaDarius Flagg" */ = {
			isa = XCConfigurationList;
			buildConfigurations = (
				8FD1551D28CE832B00201BDA /* Debug */,
				8FD1551E28CE832B00201BDA /* Release */,
			);
			defaultConfigurationIsVisible = 0;
			defaultConfigurationName = Release;
		};
		8FD1551F28CE832B00201BDA /* Build configuration list for PBXNativeTarget "Flix - LaDarius Flagg" */ = {
			isa = XCConfigurationList;
			buildConfigurations = (
				8FD1552028CE832B00201BDA /* Debug */,
				8FD1552128CE832B00201BDA /* Release */,
			);
			defaultConfigurationIsVisible = 0;
			defaultConfigurationName = Release;
		};
		8FD1552228CE832B00201BDA /* Build configuration list for PBXNativeTarget "Flix - LaDarius FlaggTests" */ = {
			isa = XCConfigurationList;
			buildConfigurations = (
				8FD1552328CE832B00201BDA /* Debug */,
				8FD1552428CE832B00201BDA /* Release */,
			);
			defaultConfigurationIsVisible = 0;
			defaultConfigurationName = Release;
		};
		8FD1552528CE832B00201BDA /* Build configuration list for PBXNativeTarget "Flix - LaDarius FlaggUITests" */ = {
			isa = XCConfigurationList;
			buildConfigurations = (
				8FD1552628CE832B00201BDA /* Debug */,
				8FD1552728CE832B00201BDA /* Release */,
			);
			defaultConfigurationIsVisible = 0;
			defaultConfigurationName = Release;
		};
/* End XCConfigurationList section */

/* Begin XCRemoteSwiftPackageReference section */
		8FD1552E28D161E200201BDA /* XCRemoteSwiftPackageReference "AlamofireImage" */ = {
			isa = XCRemoteSwiftPackageReference;
			repositoryURL = "https://github.com/Alamofire/AlamofireImage";
			requirement = {
				kind = upToNextMajorVersion;
				minimumVersion = 4.0.0;
			};
		};
/* End XCRemoteSwiftPackageReference section */

/* Begin XCSwiftPackageProductDependency section */
		8FD1552F28D161E200201BDA /* AlamofireImage */ = {
			isa = XCSwiftPackageProductDependency;
			package = 8FD1552E28D161E200201BDA /* XCRemoteSwiftPackageReference "AlamofireImage" */;
			productName = AlamofireImage;
		};
/* End XCSwiftPackageProductDependency section */
	};
	rootObject = 8FD154E828CE832A00201BDA /* Project object */;
}
